
Microsoft Visual Studio Solution File, Format Version 12.00
# Visual Studio Version 17
VisualStudioVersion = 17.11.35303.130
MinimumVisualStudioVersion = 10.0.40219.1
Project("{FAE04EC0-301F-11D3-BF4B-00C04F79EFBC}") = "QuestionsAnswers.API", "QuestionsAnswers.API\QuestionsAnswers.API.csproj", "{8C9DB5F4-1007-4CEB-9C44-E1B9C5A2765C}"
EndProject
Project("{FAE04EC0-301F-11D3-BF4B-00C04F79EFBC}") = "QuestionsAnswers.Web", "QuestionsAnswers.Web\QuestionsAnswers.Web.csproj", "{BB851C52-8F2B-4906-A004-4CC6C8460B22}"
EndProject
Project("{2150E333-8FDC-42A3-9474-1A3956D46DE8}") = "Database", "Database", "{6E2DFEE9-AB8C-4E12-880D-E208648E197E}"
	ProjectSection(SolutionItems) = preProject
		CreateDB.sql = CreateDB.sql
	EndProjectSection
EndProject
Global
	GlobalSection(SolutionConfigurationPlatforms) = preSolution
		Debug|Any CPU = Debug|Any CPU
		Release|Any CPU = Release|Any CPU
	EndGlobalSection
	GlobalSection(ProjectConfigurationPlatforms) = postSolution
		{8C9DB5F4-1007-4CEB-9C44-E1B9C5A2765C}.Debug|Any CPU.ActiveCfg = Debug|Any CPU
		{8C9DB5F4-1007-4CEB-9C44-E1B9C5A2765C}.Debug|Any CPU.Build.0 = Debug|Any CPU
		{8C9DB5F4-1007-4CEB-9C44-E1B9C5A2765C}.Release|Any CPU.ActiveCfg = Release|Any CPU
		{8C9DB5F4-1007-4CEB-9C44-E1B9C5A2765C}.Release|Any CPU.Build.0 = Release|Any CPU
		{BB851C52-8F2B-4906-A004-4CC6C8460B22}.Debug|Any CPU.ActiveCfg = Debug|Any CPU
		{BB851C52-8F2B-4906-A004-4CC6C8460B22}.Debug|Any CPU.Build.0 = Debug|Any CPU
		{BB851C52-8F2B-4906-A004-4CC6C8460B22}.Release|Any CPU.ActiveCfg = Release|Any CPU
		{BB851C52-8F2B-4906-A004-4CC6C8460B22}.Release|Any CPU.Build.0 = Release|Any CPU
	EndGlobalSection
	GlobalSection(SolutionProperties) = preSolution
		HideSolutionNode = FALSE
	EndGlobalSection
	GlobalSection(ExtensibilityGlobals) = postSolution
		SolutionGuid = {8AE6ECB5-F679-4C72-85C6-FC8DD6E97C2A}
	EndGlobalSection
EndGlobal
